
Microsoft Visual Studio Solution File, Format Version 12.00
# Visual Studio Version 17
VisualStudioVersion = 17.10.35122.118
MinimumVisualStudioVersion = 10.0.40219.1
Project("{FAE04EC0-301F-11D3-BF4B-00C04F79EFBC}") = "MVCCrud_WebAPI`s", "MVCCrud_WebAPI`s\MVCCrud_WebAPI`s.csproj", "{990C9660-57DA-4D45-BC18-8E698BAB3DE7}"
EndProject
Global
	GlobalSection(SolutionConfigurationPlatforms) = preSolution
		Debug|Any CPU = Debug|Any CPU
		Release|Any CPU = Release|Any CPU
	EndGlobalSection
	GlobalSection(ProjectConfigurationPlatforms) = postSolution
		{990C9660-57DA-4D45-BC18-8E698BAB3DE7}.Debug|Any CPU.ActiveCfg = Debug|Any CPU
		{990C9660-57DA-4D45-BC18-8E698BAB3DE7}.Debug|Any CPU.Build.0 = Debug|Any CPU
		{990C9660-57DA-4D45-BC18-8E698BAB3DE7}.Release|Any CPU.ActiveCfg = Release|Any CPU
		{990C9660-57DA-4D45-BC18-8E698BAB3DE7}.Release|Any CPU.Build.0 = Release|Any CPU
	EndGlobalSection
	GlobalSection(SolutionProperties) = preSolution
		HideSolutionNode = FALSE
	EndGlobalSection
	GlobalSection(ExtensibilityGlobals) = postSolution
		SolutionGuid = {39AE062B-4B35-43BA-8772-4772C34F6767}
	EndGlobalSection
EndGlobal
